
Microsoft Visual Studio Solution File, Format Version 12.00
# Visual Studio Version 16
VisualStudioVersion = 16.0.31729.503
MinimumVisualStudioVersion = 10.0.40219.1
Project("{2150E333-8FDC-42A3-9474-1A3956D46DE8}") = "src", "src", "{41D6BE44-4DC3-4EDF-8C64-313B389778B8}"
EndProject
Project("{2150E333-8FDC-42A3-9474-1A3956D46DE8}") = "Core", "Core", "{DB1BF949-A24A-4052-AB96-C94688252932}"
EndProject
Project("{2150E333-8FDC-42A3-9474-1A3956D46DE8}") = "Infraestructure", "Infraestructure", "{11EB904B-F689-4122-A3CA-B121722ADDFE}"
EndProject
Project("{2150E333-8FDC-42A3-9474-1A3956D46DE8}") = "Presentation", "Presentation", "{A7918C58-D572-4FCF-8B42-24A0BC23A2AB}"
EndProject
Project("{9A19103F-16F7-4668-BE54-9A1E7A4F7556}") = "Application", "src\Core\Application\Application.csproj", "{C4A6D5BE-475C-44B5-8D39-775DDF7A574F}"
EndProject
Project("{9A19103F-16F7-4668-BE54-9A1E7A4F7556}") = "Domain", "src\Core\Domain\Domain.csproj", "{F41A0C8B-47BB-403A-BBD6-ECE947D4E022}"
EndProject
Project("{9A19103F-16F7-4668-BE54-9A1E7A4F7556}") = "Persistence", "src\Infraestructure\Persistence\Persistence.csproj", "{A07CB7A7-2C81-4FE4-9E17-9D85EBA9BEE2}"
EndProject
Project("{9A19103F-16F7-4668-BE54-9A1E7A4F7556}") = "Shared", "src\Infraestructure\Shared\Shared.csproj", "{9C8C7CB9-9608-485F-8268-369EA6408D03}"
EndProject
Project("{9A19103F-16F7-4668-BE54-9A1E7A4F7556}") = "WebAPI", "src\Presentation\WebAPI\WebAPI.csproj", "{4334B967-381F-46B6-92B7-04F56A3C5617}"
EndProject
Project("{FAE04EC0-301F-11D3-BF4B-00C04F79EFBC}") = "ParaElContexto", "ParaElContexto\ParaElContexto.csproj", "{B6E574E1-E87C-4D52-9B8C-43DE992B6986}"
EndProject
Global
	GlobalSection(SolutionConfigurationPlatforms) = preSolution
		Debug|Any CPU = Debug|Any CPU
		Release|Any CPU = Release|Any CPU
	EndGlobalSection
	GlobalSection(ProjectConfigurationPlatforms) = postSolution
		{C4A6D5BE-475C-44B5-8D39-775DDF7A574F}.Debug|Any CPU.ActiveCfg = Debug|Any CPU
		{C4A6D5BE-475C-44B5-8D39-775DDF7A574F}.Debug|Any CPU.Build.0 = Debug|Any CPU
		{C4A6D5BE-475C-44B5-8D39-775DDF7A574F}.Release|Any CPU.ActiveCfg = Release|Any CPU
		{C4A6D5BE-475C-44B5-8D39-775DDF7A574F}.Release|Any CPU.Build.0 = Release|Any CPU
		{F41A0C8B-47BB-403A-BBD6-ECE947D4E022}.Debug|Any CPU.ActiveCfg = Debug|Any CPU
		{F41A0C8B-47BB-403A-BBD6-ECE947D4E022}.Debug|Any CPU.Build.0 = Debug|Any CPU
		{F41A0C8B-47BB-403A-BBD6-ECE947D4E022}.Release|Any CPU.ActiveCfg = Release|Any CPU
		{F41A0C8B-47BB-403A-BBD6-ECE947D4E022}.Release|Any CPU.Build.0 = Release|Any CPU
		{A07CB7A7-2C81-4FE4-9E17-9D85EBA9BEE2}.Debug|Any CPU.ActiveCfg = Debug|Any CPU
		{A07CB7A7-2C81-4FE4-9E17-9D85EBA9BEE2}.Debug|Any CPU.Build.0 = Debug|Any CPU
		{A07CB7A7-2C81-4FE4-9E17-9D85EBA9BEE2}.Release|Any CPU.ActiveCfg = Release|Any CPU
		{A07CB7A7-2C81-4FE4-9E17-9D85EBA9BEE2}.Release|Any CPU.Build.0 = Release|Any CPU
		{9C8C7CB9-9608-485F-8268-369EA6408D03}.Debug|Any CPU.ActiveCfg = Debug|Any CPU
		{9C8C7CB9-9608-485F-8268-369EA6408D03}.Debug|Any CPU.Build.0 = Debug|Any CPU
		{9C8C7CB9-9608-485F-8268-369EA6408D03}.Release|Any CPU.ActiveCfg = Release|Any CPU
		{9C8C7CB9-9608-485F-8268-369EA6408D03}.Release|Any CPU.Build.0 = Release|Any CPU
		{4334B967-381F-46B6-92B7-04F56A3C5617}.Debug|Any CPU.ActiveCfg = Debug|Any CPU
		{4334B967-381F-46B6-92B7-04F56A3C5617}.Debug|Any CPU.Build.0 = Debug|Any CPU
		{4334B967-381F-46B6-92B7-04F56A3C5617}.Release|Any CPU.ActiveCfg = Release|Any CPU
		{4334B967-381F-46B6-92B7-04F56A3C5617}.Release|Any CPU.Build.0 = Release|Any CPU
		{B6E574E1-E87C-4D52-9B8C-43DE992B6986}.Debug|Any CPU.ActiveCfg = Debug|Any CPU
		{B6E574E1-E87C-4D52-9B8C-43DE992B6986}.Debug|Any CPU.Build.0 = Debug|Any CPU
		{B6E574E1-E87C-4D52-9B8C-43DE992B6986}.Release|Any CPU.ActiveCfg = Release|Any CPU
		{B6E574E1-E87C-4D52-9B8C-43DE992B6986}.Release|Any CPU.Build.0 = Release|Any CPU
	EndGlobalSection
	GlobalSection(SolutionProperties) = preSolution
		HideSolutionNode = FALSE
	EndGlobalSection
	GlobalSection(NestedProjects) = preSolution
		{DB1BF949-A24A-4052-AB96-C94688252932} = {41D6BE44-4DC3-4EDF-8C64-313B389778B8}
		{11EB904B-F689-4122-A3CA-B121722ADDFE} = {41D6BE44-4DC3-4EDF-8C64-313B389778B8}
		{A7918C58-D572-4FCF-8B42-24A0BC23A2AB} = {41D6BE44-4DC3-4EDF-8C64-313B389778B8}
		{C4A6D5BE-475C-44B5-8D39-775DDF7A574F} = {DB1BF949-A24A-4052-AB96-C94688252932}
		{F41A0C8B-47BB-403A-BBD6-ECE947D4E022} = {DB1BF949-A24A-4052-AB96-C94688252932}
		{A07CB7A7-2C81-4FE4-9E17-9D85EBA9BEE2} = {11EB904B-F689-4122-A3CA-B121722ADDFE}
		{9C8C7CB9-9608-485F-8268-369EA6408D03} = {11EB904B-F689-4122-A3CA-B121722ADDFE}
		{4334B967-381F-46B6-92B7-04F56A3C5617} = {A7918C58-D572-4FCF-8B42-24A0BC23A2AB}
	EndGlobalSection
	GlobalSection(ExtensibilityGlobals) = postSolution
		SolutionGuid = {5C205AAF-1250-4E85-8532-1C6F014F323B}
	EndGlobalSection
EndGlobal
